{
  "name": "minecraft-electron",
  "version": "1.0.0",
  "lockfileVersion": 3,
  "requires": true,
  "packages": {
    "": {
      "name": "minecraft-electron",
      "version": "1.0.0",
      "license": "ISC",
      "dependencies": {
        "fs": "^0.0.1-security",
        "perlin-noise-3d": "^0.5.4"
      }
    },
    "node_modules/fs": {
      "version": "0.0.1-security",
      "resolved": "https://registry.npmjs.org/fs/-/fs-0.0.1-security.tgz",
      "integrity": "sha512-3XY9e1pP0CVEUCdj5BmfIZxRBTSDycnbqhIOGec9QYtmVH2fbLpj86CFWkrNOkt/Fvty4KZG5lTglL9j/gJ87w=="
    },
    "node_modules/perlin-noise-3d": {
      "version": "0.5.4",
      "resolved": "https://registry.npmjs.org/perlin-noise-3d/-/perlin-noise-3d-0.5.4.tgz",
      "integrity": "sha512-4BbwqQ/e8HjumsaiWSemu9FggqbbX4NeEtLaWvK3554YcnqmK6APtOAAqZ9xT8lFdKCGYgpUPAhaPOHCJuvEyw=="
    }
  }
}
